
Microsoft Visual Studio Solution File, Format Version 12.00
# Visual Studio 15
VisualStudioVersion = 15.0.26430.14
MinimumVisualStudioVersion = 10.0.40219.1
Project("{FAE04EC0-301F-11D3-BF4B-00C04F79EFBC}") = "SecondLec", "SecondLec\SecondLec.csproj", "{681CC2C9-469A-453A-931C-48FF1BAAED7E}"
EndProject
Project("{FAE04EC0-301F-11D3-BF4B-00C04F79EFBC}") = "Ex3", "Ex3\Ex3.csproj", "{E08A3007-C3BF-419D-8F20-7E68DA18991B}"
EndProject
Project("{FAE04EC0-301F-11D3-BF4B-00C04F79EFBC}") = "Ex4", "Ex4\Ex4.csproj", "{80897997-37AC-464F-8A7F-01638A1E3EBA}"
EndProject
Project("{FAE04EC0-301F-11D3-BF4B-00C04F79EFBC}") = "Ex5", "Ex5\Ex5.csproj", "{6B088D64-87A9-4E25-9D91-3FDBF60D33F7}"
EndProject
Project("{FAE04EC0-301F-11D3-BF4B-00C04F79EFBC}") = "Ex6", "Ex6\Ex6.csproj", "{84B4B0E5-A35F-4EE0-8C0F-F0D397BCBF4F}"
EndProject
Project("{FAE04EC0-301F-11D3-BF4B-00C04F79EFBC}") = "Ex7", "Ex7\Ex7.csproj", "{05175B17-272A-429A-8134-05EE3735B4AE}"
EndProject
Project("{FAE04EC0-301F-11D3-BF4B-00C04F79EFBC}") = "Ex8", "Ex8\Ex8.csproj", "{60DA5DDF-F95F-4D57-83EE-6BCA76970FD3}"
EndProject
Project("{FAE04EC0-301F-11D3-BF4B-00C04F79EFBC}") = "Ex9", "Ex9\Ex9.csproj", "{AF193A41-FF74-4D7E-9C7D-D506F8ACB05E}"
EndProject
Project("{FAE04EC0-301F-11D3-BF4B-00C04F79EFBC}") = "Ex10", "Ex10\Ex10.csproj", "{194AB966-82AB-4B60-8074-45A07DE138A8}"
EndProject
Project("{FAE04EC0-301F-11D3-BF4B-00C04F79EFBC}") = "Ex11", "Ex11\Ex11.csproj", "{96587380-8B49-4852-9DDA-33E5EC144074}"
EndProject
Global
	GlobalSection(SolutionConfigurationPlatforms) = preSolution
		Debug|Any CPU = Debug|Any CPU
		Release|Any CPU = Release|Any CPU
	EndGlobalSection
	GlobalSection(ProjectConfigurationPlatforms) = postSolution
		{681CC2C9-469A-453A-931C-48FF1BAAED7E}.Debug|Any CPU.ActiveCfg = Debug|Any CPU
		{681CC2C9-469A-453A-931C-48FF1BAAED7E}.Debug|Any CPU.Build.0 = Debug|Any CPU
		{681CC2C9-469A-453A-931C-48FF1BAAED7E}.Release|Any CPU.ActiveCfg = Release|Any CPU
		{681CC2C9-469A-453A-931C-48FF1BAAED7E}.Release|Any CPU.Build.0 = Release|Any CPU
		{E08A3007-C3BF-419D-8F20-7E68DA18991B}.Debug|Any CPU.ActiveCfg = Debug|Any CPU
		{E08A3007-C3BF-419D-8F20-7E68DA18991B}.Debug|Any CPU.Build.0 = Debug|Any CPU
		{E08A3007-C3BF-419D-8F20-7E68DA18991B}.Release|Any CPU.ActiveCfg = Release|Any CPU
		{E08A3007-C3BF-419D-8F20-7E68DA18991B}.Release|Any CPU.Build.0 = Release|Any CPU
		{80897997-37AC-464F-8A7F-01638A1E3EBA}.Debug|Any CPU.ActiveCfg = Debug|Any CPU
		{80897997-37AC-464F-8A7F-01638A1E3EBA}.Debug|Any CPU.Build.0 = Debug|Any CPU
		{80897997-37AC-464F-8A7F-01638A1E3EBA}.Release|Any CPU.ActiveCfg = Release|Any CPU
		{80897997-37AC-464F-8A7F-01638A1E3EBA}.Release|Any CPU.Build.0 = Release|Any CPU
		{6B088D64-87A9-4E25-9D91-3FDBF60D33F7}.Debug|Any CPU.ActiveCfg = Debug|Any CPU
		{6B088D64-87A9-4E25-9D91-3FDBF60D33F7}.Debug|Any CPU.Build.0 = Debug|Any CPU
		{6B088D64-87A9-4E25-9D91-3FDBF60D33F7}.Release|Any CPU.ActiveCfg = Release|Any CPU
		{6B088D64-87A9-4E25-9D91-3FDBF60D33F7}.Release|Any CPU.Build.0 = Release|Any CPU
		{84B4B0E5-A35F-4EE0-8C0F-F0D397BCBF4F}.Debug|Any CPU.ActiveCfg = Debug|Any CPU
		{84B4B0E5-A35F-4EE0-8C0F-F0D397BCBF4F}.Debug|Any CPU.Build.0 = Debug|Any CPU
		{84B4B0E5-A35F-4EE0-8C0F-F0D397BCBF4F}.Release|Any CPU.ActiveCfg = Release|Any CPU
		{84B4B0E5-A35F-4EE0-8C0F-F0D397BCBF4F}.Release|Any CPU.Build.0 = Release|Any CPU
		{05175B17-272A-429A-8134-05EE3735B4AE}.Debug|Any CPU.ActiveCfg = Debug|Any CPU
		{05175B17-272A-429A-8134-05EE3735B4AE}.Debug|Any CPU.Build.0 = Debug|Any CPU
		{05175B17-272A-429A-8134-05EE3735B4AE}.Release|Any CPU.ActiveCfg = Release|Any CPU
		{05175B17-272A-429A-8134-05EE3735B4AE}.Release|Any CPU.Build.0 = Release|Any CPU
		{60DA5DDF-F95F-4D57-83EE-6BCA76970FD3}.Debug|Any CPU.ActiveCfg = Debug|Any CPU
		{60DA5DDF-F95F-4D57-83EE-6BCA76970FD3}.Debug|Any CPU.Build.0 = Debug|Any CPU
		{60DA5DDF-F95F-4D57-83EE-6BCA76970FD3}.Release|Any CPU.ActiveCfg = Release|Any CPU
		{60DA5DDF-F95F-4D57-83EE-6BCA76970FD3}.Release|Any CPU.Build.0 = Release|Any CPU
		{AF193A41-FF74-4D7E-9C7D-D506F8ACB05E}.Debug|Any CPU.ActiveCfg = Debug|Any CPU
		{AF193A41-FF74-4D7E-9C7D-D506F8ACB05E}.Debug|Any CPU.Build.0 = Debug|Any CPU
		{AF193A41-FF74-4D7E-9C7D-D506F8ACB05E}.Release|Any CPU.ActiveCfg = Release|Any CPU
		{AF193A41-FF74-4D7E-9C7D-D506F8ACB05E}.Release|Any CPU.Build.0 = Release|Any CPU
		{194AB966-82AB-4B60-8074-45A07DE138A8}.Debug|Any CPU.ActiveCfg = Debug|Any CPU
		{194AB966-82AB-4B60-8074-45A07DE138A8}.Debug|Any CPU.Build.0 = Debug|Any CPU
		{194AB966-82AB-4B60-8074-45A07DE138A8}.Release|Any CPU.ActiveCfg = Release|Any CPU
		{194AB966-82AB-4B60-8074-45A07DE138A8}.Release|Any CPU.Build.0 = Release|Any CPU
		{96587380-8B49-4852-9DDA-33E5EC144074}.Debug|Any CPU.ActiveCfg = Debug|Any CPU
		{96587380-8B49-4852-9DDA-33E5EC144074}.Debug|Any CPU.Build.0 = Debug|Any CPU
		{96587380-8B49-4852-9DDA-33E5EC144074}.Release|Any CPU.ActiveCfg = Release|Any CPU
		{96587380-8B49-4852-9DDA-33E5EC144074}.Release|Any CPU.Build.0 = Release|Any CPU
	EndGlobalSection
	GlobalSection(SolutionProperties) = preSolution
		HideSolutionNode = FALSE
	EndGlobalSection
EndGlobal
